// !$*UTF8*$!
{
	archiveVersion = 1;
	classes = {
	};
	objectVersion = 77;
	objects = {

/* Begin PBXBuildFile section */
		444CDABE2F6FD6C500EFA408 /* README.md in Resources */ = {isa = PBXBuildFile; fileRef = 444CDABD2F6FD6C400EFA408 /* README.md */; };
		444CDAC02F6FD6C500EFA408 /* AGENTS.md in Resources */ = {isa = PBXBuildFile; fileRef = 444CDABF2F6FD6C500EFA408 /* AGENTS.md */; };
		444CDAC22F6FD6C500EFA408 /* LICENSE in Resources */ = {isa = PBXBuildFile; fileRef = 444CDAC12F6FD6C500EFA408 /* LICENSE */; };
/* End PBXBuildFile section */

/* Begin PBXContainerItemProxy section */
		444CDA5A2F6FC9F700EFA408 /* PBXContainerItemProxy */ = {
			isa = PBXContainerItemProxy;
			containerPortal = 444CDA402F6FC9F400EFA408 /* Project object */;
			proxyType = 1;
			remoteGlobalIDString = 444CDA472F6FC9F400EFA408;
			remoteInfo = "Source by Sfxx";
		};
		444CDA642F6FC9F700EFA408 /* PBXContainerItemProxy */ = {
			isa = PBXContainerItemProxy;
			containerPortal = 444CDA402F6FC9F400EFA408 /* Project object */;
			proxyType = 1;
			remoteGlobalIDString = 444CDA472F6FC9F400EFA408;
			remoteInfo = "Source by Sfxx";
		};
/* End PBXContainerItemProxy section */

/* Begin PBXFileReference section */
		444CDA482F6FC9F400EFA408 /* Source by Sfxx.app */ = {isa = PBXFileReference; explicitFileType = wrapper.application; includeInIndex = 0; path = "Source by Sfxx.app"; sourceTree = BUILT_PRODUCTS_DIR; };
		444CDA592F6FC9F700EFA408 /* Source by SfxxTests.xctest */ = {isa = PBXFileReference; explicitFileType = wrapper.cfbundle; includeInIndex = 0; path = "Source by SfxxTests.xctest"; sourceTree = BUILT_PRODUCTS_DIR; };
		444CDA632F6FC9F700EFA408 /* Source by SfxxUITests.xctest */ = {isa = PBXFileReference; explicitFileType = wrapper.cfbundle; includeInIndex = 0; path = "Source by SfxxUITests.xctest"; sourceTree = BUILT_PRODUCTS_DIR; };
		444CDABD2F6FD6C400EFA408 /* README.md */ = {isa = PBXFileReference; lastKnownFileType = net.daringfireball.markdown; path = README.md; sourceTree = "<group>"; };
		444CDABF2F6FD6C500EFA408 /* AGENTS.md */ = {isa = PBXFileReference; lastKnownFileType = net.daringfireball.markdown; path = AGENTS.md; sourceTree = "<group>"; };
		444CDAC12F6FD6C500EFA408 /* LICENSE */ = {isa = PBXFileReference; lastKnownFileType = text; path = LICENSE; sourceTree = "<group>"; };
		444CDAC32F6FD6C600EFA408 /* FunctionStructure.md */ = {isa = PBXFileReference; lastKnownFileType = net.daringfireball.markdown; path = FunctionStructure.md; sourceTree = "<group>"; };
		444CDAC42F6FD6C600EFA408 /* Workflow.md */ = {isa = PBXFileReference; lastKnownFileType = net.daringfireball.markdown; path = Workflow.md; sourceTree = "<group>"; };
		444CDAC52F6FD6C600EFA408 /* Naming.md */ = {isa = PBXFileReference; lastKnownFileType = net.daringfireball.markdown; path = Naming.md; sourceTree = "<group>"; };
/* End PBXFileReference section */

/* Begin PBXFileSystemSynchronizedBuildFileExceptionSet section */
		444CDA6B2F6FC9F700EFA408 /* Exceptions for "Source by Sfxx" folder in "Source by Sfxx" target */ = {
			isa = PBXFileSystemSynchronizedBuildFileExceptionSet;
			membershipExceptions = (
				Info.plist,
			);
			target = 444CDA472F6FC9F400EFA408 /* Source by Sfxx */;
		};
/* End PBXFileSystemSynchronizedBuildFileExceptionSet section */

/* Begin PBXFileSystemSynchronizedRootGroup section */
		444CDA4A2F6FC9F400EFA408 /* Source by Sfxx */ = {
			isa = PBXFileSystemSynchronizedRootGroup;
			exceptions = (
				444CDA6B2F6FC9F700EFA408 /* Exceptions for "Source by Sfxx" folder in "Source by Sfxx" target */,
			);
			path = "Source by Sfxx";
			sourceTree = "<group>";
		};
		444CDA5C2F6FC9F700EFA408 /* Source by SfxxTests */ = {
			isa = PBXFileSystemSynchronizedRootGroup;
			path = "Source by SfxxTests";
			sourceTree = "<group>";
		};
		444CDA662F6FC9F700EFA408 /* Source by SfxxUITests */ = {
			isa = PBXFileSystemSynchronizedRootGroup;
			path = "Source by SfxxUITests";
			sourceTree = "<group>";
		};
/* End PBXFileSystemSynchronizedRootGroup section */

/* Begin PBXFrameworksBuildPhase section */
		444CDA452F6FC9F400EFA408 /* Frameworks */ = {
			isa = PBXFrameworksBuildPhase;
			buildActionMask = 2147483647;
			files = (
			);
			runOnlyForDeploymentPostprocessing = 0;
		};
		444CDA562F6FC9F700EFA408 /* Frameworks */ = {
			isa = PBXFrameworksBuildPhase;
			buildActionMask = 2147483647;
			files = (
			);
			runOnlyForDeploymentPostprocessing = 0;
		};
		444CDA602F6FC9F700EFA408 /* Frameworks */ = {
			isa = PBXFrameworksBuildPhase;
			buildActionMask = 2147483647;
			files = (
			);
			runOnlyForDeploymentPostprocessing = 0;
		};
/* End PBXFrameworksBuildPhase section */

/* Begin PBXGroup section */
		444CDA3F2F6FC9F400EFA408 = {
			isa = PBXGroup;
			children = (
				444CDA4A2F6FC9F400EFA408 /* Source by Sfxx */,
				444CDA5C2F6FC9F700EFA408 /* Source by SfxxTests */,
				444CDA662F6FC9F700EFA408 /* Source by SfxxUITests */,
				444CDA492F6FC9F400EFA408 /* Products */,
				444CDABC2F6FD64B00EFA408 /* agents */,
				444CDABD2F6FD6C400EFA408 /* README.md */,
				444CDABF2F6FD6C500EFA408 /* AGENTS.md */,
				444CDAC12F6FD6C500EFA408 /* LICENSE */,
			);
			sourceTree = "<group>";
		};
		444CDA492F6FC9F400EFA408 /* Products */ = {
			isa = PBXGroup;
			children = (
				444CDA482F6FC9F400EFA408 /* Source by Sfxx.app */,
				444CDA592F6FC9F700EFA408 /* Source by SfxxTests.xctest */,
				444CDA632F6FC9F700EFA408 /* Source by SfxxUITests.xctest */,
			);
			name = Products;
			sourceTree = "<group>";
		};
		444CDABC2F6FD64B00EFA408 /* agents */ = {
			isa = PBXGroup;
			children = (
				444CDAC32F6FD6C600EFA408 /* FunctionStructure.md */,
				444CDAC42F6FD6C600EFA408 /* Workflow.md */,
				444CDAC52F6FD6C600EFA408 /* Naming.md */,
			);
			path = agents;
			sourceTree = "<group>";
		};
/* End PBXGroup section */

/* Begin PBXNativeTarget section */
		444CDA472F6FC9F400EFA408 /* Source by Sfxx */ = {
			isa = PBXNativeTarget;
			buildConfigurationList = 444CDA6C2F6FC9F700EFA408 /* Build configuration list for PBXNativeTarget "Source by Sfxx" */;
			buildPhases = (
				444CDA442F6FC9F400EFA408 /* Sources */,
				444CDA452F6FC9F400EFA408 /* Frameworks */,
				444CDA462F6FC9F400EFA408 /* Resources */,
			);
			buildRules = (
			);
			dependencies = (
			);
			fileSystemSynchronizedGroups = (
				444CDA4A2F6FC9F400EFA408 /* Source by Sfxx */,
			);
			name = "Source by Sfxx";
			packageProductDependencies = (
			);
			productName = "Source by Sfxx";
			productReference = 444CDA482F6FC9F400EFA408 /* Source by Sfxx.app */;
			productType = "com.apple.product-type.application";
		};
		444CDA582F6FC9F700EFA408 /* Source by SfxxTests */ = {
			isa = PBXNativeTarget;
			buildConfigurationList = 444CDA712F6FC9F700EFA408 /* Build configuration list for PBXNativeTarget "Source by SfxxTests" */;
			buildPhases = (
				444CDA552F6FC9F700EFA408 /* Sources */,
				444CDA562F6FC9F700EFA408 /* Frameworks */,
				444CDA572F6FC9F700EFA408 /* Resources */,
			);
			buildRules = (
			);
			dependencies = (
				444CDA5B2F6FC9F700EFA408 /* PBXTargetDependency */,
			);
			fileSystemSynchronizedGroups = (
				444CDA5C2F6FC9F700EFA408 /* Source by SfxxTests */,
			);
			name = "Source by SfxxTests";
			packageProductDependencies = (
			);
			productName = "Source by SfxxTests";
			productReference = 444CDA592F6FC9F700EFA408 /* Source by SfxxTests.xctest */;
			productType = "com.apple.product-type.bundle.unit-test";
		};
		444CDA622F6FC9F700EFA408 /* Source by SfxxUITests */ = {
			isa = PBXNativeTarget;
			buildConfigurationList = 444CDA742F6FC9F700EFA408 /* Build configuration list for PBXNativeTarget "Source by SfxxUITests" */;
			buildPhases = (
				444CDA5F2F6FC9F700EFA408 /* Sources */,
				444CDA602F6FC9F700EFA408 /* Frameworks */,
				444CDA612F6FC9F700EFA408 /* Resources */,
			);
			buildRules = (
			);
			dependencies = (
				444CDA652F6FC9F700EFA408 /* PBXTargetDependency */,
			);
			fileSystemSynchronizedGroups = (
				444CDA662F6FC9F700EFA408 /* Source by SfxxUITests */,
			);
			name = "Source by SfxxUITests";
			packageProductDependencies = (
			);
			productName = "Source by SfxxUITests";
			productReference = 444CDA632F6FC9F700EFA408 /* Source by SfxxUITests.xctest */;
			productType = "com.apple.product-type.bundle.ui-testing";
		};
/* End PBXNativeTarget section */

/* Begin PBXProject section */
		444CDA402F6FC9F400EFA408 /* Project object */ = {
			isa = PBXProject;
			attributes = {
				BuildIndependentTargetsInParallel = 1;
				LastSwiftUpdateCheck = 2630;
				LastUpgradeCheck = 2630;
				TargetAttributes = {
					444CDA472F6FC9F400EFA408 = {
						CreatedOnToolsVersion = 26.3;
					};
					444CDA582F6FC9F700EFA408 = {
						CreatedOnToolsVersion = 26.3;
						TestTargetID = 444CDA472F6FC9F400EFA408;
					};
					444CDA622F6FC9F700EFA408 = {
						CreatedOnToolsVersion = 26.3;
						TestTargetID = 444CDA472F6FC9F400EFA408;
					};
				};
			};
			buildConfigurationList = 444CDA432F6FC9F400EFA408 /* Build configuration list for PBXProject "Source by Sfxx" */;
			developmentRegion = en;
			hasScannedForEncodings = 0;
			knownRegions = (
				en,
				Base,
			);
			mainGroup = 444CDA3F2F6FC9F400EFA408;
			minimizedProjectReferenceProxies = 1;
			preferredProjectObjectVersion = 77;
			productRefGroup = 444CDA492F6FC9F400EFA408 /* Products */;
			projectDirPath = "";
			projectRoot = "";
			targets = (
				444CDA472F6FC9F400EFA408 /* Source by Sfxx */,
				444CDA582F6FC9F700EFA408 /* Source by SfxxTests */,
				444CDA622F6FC9F700EFA408 /* Source by SfxxUITests */,
			);
		};
/* End PBXProject section */

/* Begin PBXResourcesBuildPhase section */
		444CDA462F6FC9F400EFA408 /* Resources */ = {
			isa = PBXResourcesBuildPhase;
			buildActionMask = 2147483647;
			files = (
				444CDABE2F6FD6C500EFA408 /* README.md in Resources */,
				444CDAC02F6FD6C500EFA408 /* AGENTS.md in Resources */,
				444CDAC22F6FD6C500EFA408 /* LICENSE in Resources */,
			);
			runOnlyForDeploymentPostprocessing = 0;
		};
		444CDA572F6FC9F700EFA408 /* Resources */ = {
			isa = PBXResourcesBuildPhase;
			buildActionMask = 2147483647;
			files = (
			);
			runOnlyForDeploymentPostprocessing = 0;
		};
		444CDA612F6FC9F700EFA408 /* Resources */ = {
			isa = PBXResourcesBuildPhase;
			buildActionMask = 2147483647;
			files = (
			);
			runOnlyForDeploymentPostprocessing = 0;
		};
/* End PBXResourcesBuildPhase section */

/* Begin PBXSourcesBuildPhase section */
		444CDA442F6FC9F400EFA408 /* Sources */ = {
			isa = PBXSourcesBuildPhase;
			buildActionMask = 2147483647;
			files = (
			);
			runOnlyForDeploymentPostprocessing = 0;
		};
		444CDA552F6FC9F700EFA408 /* Sources */ = {
			isa = PBXSourcesBuildPhase;
			buildActionMask = 2147483647;
			files = (
			);
			runOnlyForDeploymentPostprocessing = 0;
		};
		444CDA5F2F6FC9F700EFA408 /* Sources */ = {
			isa = PBXSourcesBuildPhase;
			buildActionMask = 2147483647;
			files = (
			);
			runOnlyForDeploymentPostprocessing = 0;
		};
/* End PBXSourcesBuildPhase section */

/* Begin PBXTargetDependency section */
		444CDA5B2F6FC9F700EFA408 /* PBXTargetDependency */ = {
			isa = PBXTargetDependency;
			target = 444CDA472F6FC9F400EFA408 /* Source by Sfxx */;
			targetProxy = 444CDA5A2F6FC9F700EFA408 /* PBXContainerItemProxy */;
		};
		444CDA652F6FC9F700EFA408 /* PBXTargetDependency */ = {
			isa = PBXTargetDependency;
			target = 444CDA472F6FC9F400EFA408 /* Source by Sfxx */;
			targetProxy = 444CDA642F6FC9F700EFA408 /* PBXContainerItemProxy */;
		};
/* End PBXTargetDependency section */

/* Begin XCBuildConfiguration section */
		444CDA6D2F6FC9F700EFA408 /* Debug */ = {
			isa = XCBuildConfiguration;
			buildSettings = {
				ASSETCATALOG_COMPILER_APPICON_NAME = AppIcon;
				ASSETCATALOG_COMPILER_GLOBAL_ACCENT_COLOR_NAME = AccentColor;
				CODE_SIGN_STYLE = Automatic;
				CURRENT_PROJECT_VERSION = 1;
				DEVELOPMENT_TEAM = F98P3P4RC3;
				ENABLE_APP_SANDBOX = YES;
				ENABLE_FILE_ACCESS_DOWNLOADS_FOLDER = readwrite;
				ENABLE_HARDENED_RUNTIME = YES;
				ENABLE_INCOMING_NETWORK_CONNECTIONS = NO;
				ENABLE_OUTGOING_NETWORK_CONNECTIONS = YES;
				ENABLE_PREVIEWS = YES;
				ENABLE_RESOURCE_ACCESS_AUDIO_INPUT = NO;
				ENABLE_RESOURCE_ACCESS_BLUETOOTH = NO;
				ENABLE_RESOURCE_ACCESS_CALENDARS = NO;
				ENABLE_RESOURCE_ACCESS_CAMERA = NO;
				ENABLE_RESOURCE_ACCESS_CONTACTS = NO;
				ENABLE_RESOURCE_ACCESS_LOCATION = NO;
				ENABLE_RESOURCE_ACCESS_PRINTING = NO;
				ENABLE_RESOURCE_ACCESS_USB = NO;
				ENABLE_USER_SELECTED_FILES = readwrite;
				GENERATE_INFOPLIST_FILE = YES;
				INFOPLIST_FILE = "Source by Sfxx/Info.plist";
				"INFOPLIST_KEY_UIApplicationSceneManifest_Generation[sdk=iphoneos*]" = YES;
				"INFOPLIST_KEY_UIApplicationSceneManifest_Generation[sdk=iphonesimulator*]" = YES;
				"INFOPLIST_KEY_UIApplicationSupportsIndirectInputEvents[sdk=iphoneos*]" = YES;
				"INFOPLIST_KEY_UIApplicationSupportsIndirectInputEvents[sdk=iphonesimulator*]" = YES;
				"INFOPLIST_KEY_UILaunchScreen_Generation[sdk=iphoneos*]" = YES;
				"INFOPLIST_KEY_UILaunchScreen_Generation[sdk=iphonesimulator*]" = YES;
				"INFOPLIST_KEY_UIStatusBarStyle[sdk=iphoneos*]" = UIStatusBarStyleDefault;
				"INFOPLIST_KEY_UIStatusBarStyle[sdk=iphonesimulator*]" = UIStatusBarStyleDefault;
				INFOPLIST_KEY_UISupportedInterfaceOrientations_iPad = "UIInterfaceOrientationPortrait UIInterfaceOrientationPortraitUpsideDown UIInterfaceOrientationLandscapeLeft UIInterfaceOrientationLandscapeRight";
				INFOPLIST_KEY_UISupportedInterfaceOrientations_iPhone = "UIInterfaceOrientationPortrait UIInterfaceOrientationLandscapeLeft UIInterfaceOrientationLandscapeRight";
				IPHONEOS_DEPLOYMENT_TARGET = 26.2;
				LD_RUNPATH_SEARCH_PATHS = "@executable_path/Frameworks";
				"LD_RUNPATH_SEARCH_PATHS[sdk=macosx*]" = "@executable_path/../Frameworks";
				MACOSX_DEPLOYMENT_TARGET = 26.2;
				MARKETING_VERSION = 1.0;
				PRODUCT_BUNDLE_IDENTIFIER = "com.swiftFoxx.Source-by-Sfxx";
				PRODUCT_NAME = "$(TARGET_NAME)";
				REGISTER_APP_GROUPS = YES;
				SDKROOT = auto;
				STRING_CATALOG_GENERATE_SYMBOLS = YES;
				SUPPORTED_PLATFORMS = "iphoneos iphonesimulator macosx xros xrsimulator";
				SWIFT_APPROACHABLE_CONCURRENCY = YES;
				SWIFT_DEFAULT_ACTOR_ISOLATION = MainActor;
				SWIFT_EMIT_LOC_STRINGS = YES;
				SWIFT_UPCOMING_FEATURE_MEMBER_IMPORT_VISIBILITY = YES;
				SWIFT_VERSION = 5.0;
				TARGETED_DEVICE_FAMILY = "1,2,7";
				XROS_DEPLOYMENT_TARGET = 26.2;
			};
			name = Debug;
		};
		444CDA6E2F6FC9F700EFA408 /* Release */ = {
			isa = XCBuildConfiguration;
			buildSettings = {
				ASSETCATALOG_COMPILER_APPICON_NAME = AppIcon;
				ASSETCATALOG_COMPILER_GLOBAL_ACCENT_COLOR_NAME = AccentColor;
				CODE_SIGN_STYLE = Automatic;
				CURRENT_PROJECT_VERSION = 1;
				DEVELOPMENT_TEAM = F98P3P4RC3;
				ENABLE_APP_SANDBOX = YES;
				ENABLE_FILE_ACCESS_DOWNLOADS_FOLDER = readwrite;
				ENABLE_HARDENED_RUNTIME = YES;
				ENABLE_INCOMING_NETWORK_CONNECTIONS = NO;
				ENABLE_OUTGOING_NETWORK_CONNECTIONS = YES;
				ENABLE_PREVIEWS = YES;
				ENABLE_RESOURCE_ACCESS_AUDIO_INPUT = NO;
				ENABLE_RESOURCE_ACCESS_BLUETOOTH = NO;
				ENABLE_RESOURCE_ACCESS_CALENDARS = NO;
				ENABLE_RESOURCE_ACCESS_CAMERA = NO;
				ENABLE_RESOURCE_ACCESS_CONTACTS = NO;
				ENABLE_RESOURCE_ACCESS_LOCATION = NO;
				ENABLE_RESOURCE_ACCESS_PRINTING = NO;
				ENABLE_RESOURCE_ACCESS_USB = NO;
				ENABLE_USER_SELECTED_FILES = readwrite;
				GENERATE_INFOPLIST_FILE = YES;
				INFOPLIST_FILE = "Source by Sfxx/Info.plist";
				"INFOPLIST_KEY_UIApplicationSceneManifest_Generation[sdk=iphoneos*]" = YES;
				"INFOPLIST_KEY_UIApplicationSceneManifest_Generation[sdk=iphonesimulator*]" = YES;
				"INFOPLIST_KEY_UIApplicationSupportsIndirectInputEvents[sdk=iphoneos*]" = YES;
				"INFOPLIST_KEY_UIApplicationSupportsIndirectInputEvents[sdk=iphonesimulator*]" = YES;
				"INFOPLIST_KEY_UILaunchScreen_Generation[sdk=iphoneos*]" = YES;
				"INFOPLIST_KEY_UILaunchScreen_Generation[sdk=iphonesimulator*]" = YES;
				"INFOPLIST_KEY_UIStatusBarStyle[sdk=iphoneos*]" = UIStatusBarStyleDefault;
				"INFOPLIST_KEY_UIStatusBarStyle[sdk=iphonesimulator*]" = UIStatusBarStyleDefault;
				INFOPLIST_KEY_UISupportedInterfaceOrientations_iPad = "UIInterfaceOrientationPortrait UIInterfaceOrientationPortraitUpsideDown UIInterfaceOrientationLandscapeLeft UIInterfaceOrientationLandscapeRight";
				INFOPLIST_KEY_UISupportedInterfaceOrientations_iPhone = "UIInterfaceOrientationPortrait UIInterfaceOrientationLandscapeLeft UIInterfaceOrientationLandscapeRight";
				IPHONEOS_DEPLOYMENT_TARGET = 26.2;
				LD_RUNPATH_SEARCH_PATHS = "@executable_path/Frameworks";
				"LD_RUNPATH_SEARCH_PATHS[sdk=macosx*]" = "@executable_path/../Frameworks";
				MACOSX_DEPLOYMENT_TARGET = 26.2;
				MARKETING_VERSION = 1.0;
				PRODUCT_BUNDLE_IDENTIFIER = "com.swiftFoxx.Source-by-Sfxx";
				PRODUCT_NAME = "$(TARGET_NAME)";
				REGISTER_APP_GROUPS = YES;
				SDKROOT = auto;
				STRING_CATALOG_GENERATE_SYMBOLS = YES;
				SUPPORTED_PLATFORMS = "iphoneos iphonesimulator macosx xros xrsimulator";
				SWIFT_APPROACHABLE_CONCURRENCY = YES;
				SWIFT_DEFAULT_ACTOR_ISOLATION = MainActor;
				SWIFT_EMIT_LOC_STRINGS = YES;
				SWIFT_UPCOMING_FEATURE_MEMBER_IMPORT_VISIBILITY = YES;
				SWIFT_VERSION = 5.0;
				TARGETED_DEVICE_FAMILY = "1,2,7";
				XROS_DEPLOYMENT_TARGET = 26.2;
			};
			name = Release;
		};
		444CDA6F2F6FC9F700EFA408 /* Debug */ = {
			isa = XCBuildConfiguration;
			buildSettings = {
				ALWAYS_SEARCH_USER_PATHS = NO;
				ASSETCATALOG_COMPILER_GENERATE_SWIFT_ASSET_SYMBOL_EXTENSIONS = YES;
				CLANG_ANALYZER_NONNULL = YES;
				CLANG_ANALYZER_NUMBER_OBJECT_CONVERSION = YES_AGGRESSIVE;
				CLANG_CXX_LANGUAGE_STANDARD = "gnu++20";
				CLANG_ENABLE_MODULES = YES;
				CLANG_ENABLE_OBJC_ARC = YES;
				CLANG_ENABLE_OBJC_WEAK = YES;
				CLANG_WARN_BLOCK_CAPTURE_AUTORELEASING = YES;
				CLANG_WARN_BOOL_CONVERSION = YES;
				CLANG_WARN_COMMA = YES;
				CLANG_WARN_CONSTANT_CONVERSION = YES;
				CLANG_WARN_DEPRECATED_OBJC_IMPLEMENTATIONS = YES;
				CLANG_WARN_DIRECT_OBJC_ISA_USAGE = YES_ERROR;
				CLANG_WARN_DOCUMENTATION_COMMENTS = YES;
				CLANG_WARN_EMPTY_BODY = YES;
				CLANG_WARN_ENUM_CONVERSION = YES;
				CLANG_WARN_INFINITE_RECURSION = YES;
				CLANG_WARN_INT_CONVERSION = YES;
				CLANG_WARN_NON_LITERAL_NULL_CONVERSION = YES;
				CLANG_WARN_OBJC_IMPLICIT_RETAIN_SELF = YES;
				CLANG_WARN_OBJC_LITERAL_CONVERSION = YES;
				CLANG_WARN_OBJC_ROOT_CLASS = YES_ERROR;
				CLANG_WARN_QUOTED_INCLUDE_IN_FRAMEWORK_HEADER = YES;
				CLANG_WARN_RANGE_LOOP_ANALYSIS = YES;
				CLANG_WARN_STRICT_PROTOTYPES = YES;
				CLANG_WARN_SUSPICIOUS_MOVE = YES;
				CLANG_WARN_UNGUARDED_AVAILABILITY = YES_AGGRESSIVE;
				CLANG_WARN_UNREACHABLE_CODE = YES;
				CLANG_WARN__DUPLICATE_METHOD_MATCH = YES;
				COPY_PHASE_STRIP = NO;
				DEBUG_INFORMATION_FORMAT = dwarf;
				DEVELOPMENT_TEAM = F98P3P4RC3;
				ENABLE_STRICT_OBJC_MSGSEND = YES;
				ENABLE_TESTABILITY = YES;
				ENABLE_USER_SCRIPT_SANDBOXING = YES;
				GCC_C_LANGUAGE_STANDARD = gnu17;
				GCC_DYNAMIC_NO_PIC = NO;
				GCC_NO_COMMON_BLOCKS = YES;
				GCC_OPTIMIZATION_LEVEL = 0;
				GCC_PREPROCESSOR_DEFINITIONS = (
					"DEBUG=1",
					"$(inherited)",
				);
				GCC_WARN_64_TO_32_BIT_CONVERSION = YES;
				GCC_WARN_ABOUT_RETURN_TYPE = YES_ERROR;
				GCC_WARN_UNDECLARED_SELECTOR = YES;
				GCC_WARN_UNINITIALIZED_AUTOS = YES_AGGRESSIVE;
				GCC_WARN_UNUSED_FUNCTION = YES;
				GCC_WARN_UNUSED_VARIABLE = YES;
				LOCALIZATION_PREFERS_STRING_CATALOGS = YES;
				MTL_ENABLE_DEBUG_INFO = INCLUDE_SOURCE;
				MTL_FAST_MATH = YES;
				ONLY_ACTIVE_ARCH = YES;
				SWIFT_ACTIVE_COMPILATION_CONDITIONS = "DEBUG $(inherited)";
				SWIFT_OPTIMIZATION_LEVEL = "-Onone";
			};
			name = Debug;
		};
		444CDA702F6FC9F700EFA408 /* Release */ = {
			isa = XCBuildConfiguration;
			buildSettings = {
				ALWAYS_SEARCH_USER_PATHS = NO;
				ASSETCATALOG_COMPILER_GENERATE_SWIFT_ASSET_SYMBOL_EXTENSIONS = YES;
				CLANG_ANALYZER_NONNULL = YES;
				CLANG_ANALYZER_NUMBER_OBJECT_CONVERSION = YES_AGGRESSIVE;
				CLANG_CXX_LANGUAGE_STANDARD = "gnu++20";
				CLANG_ENABLE_MODULES = YES;
				CLANG_ENABLE_OBJC_ARC = YES;
				CLANG_ENABLE_OBJC_WEAK = YES;
				CLANG_WARN_BLOCK_CAPTURE_AUTORELEASING = YES;
				CLANG_WARN_BOOL_CONVERSION = YES;
				CLANG_WARN_COMMA = YES;
				CLANG_WARN_CONSTANT_CONVERSION = YES;
				CLANG_WARN_DEPRECATED_OBJC_IMPLEMENTATIONS = YES;
				CLANG_WARN_DIRECT_OBJC_ISA_USAGE = YES_ERROR;
				CLANG_WARN_DOCUMENTATION_COMMENTS = YES;
				CLANG_WARN_EMPTY_BODY = YES;
				CLANG_WARN_ENUM_CONVERSION = YES;
				CLANG_WARN_INFINITE_RECURSION = YES;
				CLANG_WARN_INT_CONVERSION = YES;
				CLANG_WARN_NON_LITERAL_NULL_CONVERSION = YES;
				CLANG_WARN_OBJC_IMPLICIT_RETAIN_SELF = YES;
				CLANG_WARN_OBJC_LITERAL_CONVERSION = YES;
				CLANG_WARN_OBJC_ROOT_CLASS = YES_ERROR;
				CLANG_WARN_QUOTED_INCLUDE_IN_FRAMEWORK_HEADER = YES;
				CLANG_WARN_RANGE_LOOP_ANALYSIS = YES;
				CLANG_WARN_STRICT_PROTOTYPES = YES;
				CLANG_WARN_SUSPICIOUS_MOVE = YES;
				CLANG_WARN_UNGUARDED_AVAILABILITY = YES_AGGRESSIVE;
				CLANG_WARN_UNREACHABLE_CODE = YES;
				CLANG_WARN__DUPLICATE_METHOD_MATCH = YES;
				COPY_PHASE_STRIP = NO;
				DEBUG_INFORMATION_FORMAT = "dwarf-with-dsym";
				DEVELOPMENT_TEAM = F98P3P4RC3;
				ENABLE_NS_ASSERTIONS = NO;
				ENABLE_STRICT_OBJC_MSGSEND = YES;
				ENABLE_USER_SCRIPT_SANDBOXING = YES;
				GCC_C_LANGUAGE_STANDARD = gnu17;
				GCC_NO_COMMON_BLOCKS = YES;
				GCC_WARN_64_TO_32_BIT_CONVERSION = YES;
				GCC_WARN_ABOUT_RETURN_TYPE = YES_ERROR;
				GCC_WARN_UNDECLARED_SELECTOR = YES;
				GCC_WARN_UNINITIALIZED_AUTOS = YES_AGGRESSIVE;
				GCC_WARN_UNUSED_FUNCTION = YES;
				GCC_WARN_UNUSED_VARIABLE = YES;
				LOCALIZATION_PREFERS_STRING_CATALOGS = YES;
				MTL_ENABLE_DEBUG_INFO = NO;
				MTL_FAST_MATH = YES;
				SWIFT_COMPILATION_MODE = wholemodule;
			};
			name = Release;
		};
		444CDA722F6FC9F700EFA408 /* Debug */ = {
			isa = XCBuildConfiguration;
			buildSettings = {
				BUNDLE_LOADER = "$(TEST_HOST)";
				CODE_SIGN_STYLE = Automatic;
				CURRENT_PROJECT_VERSION = 1;
				DEVELOPMENT_TEAM = F98P3P4RC3;
				GENERATE_INFOPLIST_FILE = YES;
				IPHONEOS_DEPLOYMENT_TARGET = 26.2;
				MACOSX_DEPLOYMENT_TARGET = 26.2;
				MARKETING_VERSION = 1.0;
				PRODUCT_BUNDLE_IDENTIFIER = "com.swiftFoxx.Source-by-SfxxTests";
				PRODUCT_NAME = "$(TARGET_NAME)";
				SDKROOT = auto;
				STRING_CATALOG_GENERATE_SYMBOLS = NO;
				SUPPORTED_PLATFORMS = "iphoneos iphonesimulator macosx xros xrsimulator";
				SWIFT_APPROACHABLE_CONCURRENCY = YES;
				SWIFT_EMIT_LOC_STRINGS = NO;
				SWIFT_UPCOMING_FEATURE_MEMBER_IMPORT_VISIBILITY = YES;
				SWIFT_VERSION = 5.0;
				TARGETED_DEVICE_FAMILY = "1,2,7";
				TEST_HOST = "$(BUILT_PRODUCTS_DIR)/Source by Sfxx.app/$(BUNDLE_EXECUTABLE_FOLDER_PATH)/Source by Sfxx";
				XROS_DEPLOYMENT_TARGET = 26.2;
			};
			name = Debug;
		};
		444CDA732F6FC9F700EFA408 /* Release */ = {
			isa = XCBuildConfiguration;
			buildSettings = {
				BUNDLE_LOADER = "$(TEST_HOST)";
				CODE_SIGN_STYLE = Automatic;
				CURRENT_PROJECT_VERSION = 1;
				DEVELOPMENT_TEAM = F98P3P4RC3;
				GENERATE_INFOPLIST_FILE = YES;
				IPHONEOS_DEPLOYMENT_TARGET = 26.2;
				MACOSX_DEPLOYMENT_TARGET = 26.2;
				MARKETING_VERSION = 1.0;
				PRODUCT_BUNDLE_IDENTIFIER = "com.swiftFoxx.Source-by-SfxxTests";
				PRODUCT_NAME = "$(TARGET_NAME)";
				SDKROOT = auto;
				STRING_CATALOG_GENERATE_SYMBOLS = NO;
				SUPPORTED_PLATFORMS = "iphoneos iphonesimulator macosx xros xrsimulator";
				SWIFT_APPROACHABLE_CONCURRENCY = YES;
				SWIFT_EMIT_LOC_STRINGS = NO;
				SWIFT_UPCOMING_FEATURE_MEMBER_IMPORT_VISIBILITY = YES;
				SWIFT_VERSION = 5.0;
				TARGETED_DEVICE_FAMILY = "1,2,7";
				TEST_HOST = "$(BUILT_PRODUCTS_DIR)/Source by Sfxx.app/$(BUNDLE_EXECUTABLE_FOLDER_PATH)/Source by Sfxx";
				XROS_DEPLOYMENT_TARGET = 26.2;
			};
			name = Release;
		};
		444CDA752F6FC9F700EFA408 /* Debug */ = {
			isa = XCBuildConfiguration;
			buildSettings = {
				CODE_SIGN_STYLE = Automatic;
				CURRENT_PROJECT_VERSION = 1;
				DEVELOPMENT_TEAM = F98P3P4RC3;
				GENERATE_INFOPLIST_FILE = YES;
				IPHONEOS_DEPLOYMENT_TARGET = 26.2;
				MACOSX_DEPLOYMENT_TARGET = 26.2;
				MARKETING_VERSION = 1.0;
				PRODUCT_BUNDLE_IDENTIFIER = "com.swiftFoxx.Source-by-SfxxUITests";
				PRODUCT_NAME = "$(TARGET_NAME)";
				SDKROOT = auto;
				STRING_CATALOG_GENERATE_SYMBOLS = NO;
				SUPPORTED_PLATFORMS = "iphoneos iphonesimulator macosx xros xrsimulator";
				SWIFT_APPROACHABLE_CONCURRENCY = YES;
				SWIFT_EMIT_LOC_STRINGS = NO;
				SWIFT_UPCOMING_FEATURE_MEMBER_IMPORT_VISIBILITY = YES;
				SWIFT_VERSION = 5.0;
				TARGETED_DEVICE_FAMILY = "1,2,7";
				TEST_TARGET_NAME = "Source by Sfxx";
				XROS_DEPLOYMENT_TARGET = 26.2;
			};
			name = Debug;
		};
		444CDA762F6FC9F700EFA408 /* Release */ = {
			isa = XCBuildConfiguration;
			buildSettings = {
				CODE_SIGN_STYLE = Automatic;
				CURRENT_PROJECT_VERSION = 1;
				DEVELOPMENT_TEAM = F98P3P4RC3;
				GENERATE_INFOPLIST_FILE = YES;
				IPHONEOS_DEPLOYMENT_TARGET = 26.2;
				MACOSX_DEPLOYMENT_TARGET = 26.2;
				MARKETING_VERSION = 1.0;
				PRODUCT_BUNDLE_IDENTIFIER = "com.swiftFoxx.Source-by-SfxxUITests";
				PRODUCT_NAME = "$(TARGET_NAME)";
				SDKROOT = auto;
				STRING_CATALOG_GENERATE_SYMBOLS = NO;
				SUPPORTED_PLATFORMS = "iphoneos iphonesimulator macosx xros xrsimulator";
				SWIFT_APPROACHABLE_CONCURRENCY = YES;
				SWIFT_EMIT_LOC_STRINGS = NO;
				SWIFT_UPCOMING_FEATURE_MEMBER_IMPORT_VISIBILITY = YES;
				SWIFT_VERSION = 5.0;
				TARGETED_DEVICE_FAMILY = "1,2,7";
				TEST_TARGET_NAME = "Source by Sfxx";
				XROS_DEPLOYMENT_TARGET = 26.2;
			};
			name = Release;
		};
/* End XCBuildConfiguration section */

/* Begin XCConfigurationList section */
		444CDA432F6FC9F400EFA408 /* Build configuration list for PBXProject "Source by Sfxx" */ = {
			isa = XCConfigurationList;
			buildConfigurations = (
				444CDA6F2F6FC9F700EFA408 /* Debug */,
				444CDA702F6FC9F700EFA408 /* Release */,
			);
			defaultConfigurationIsVisible = 0;
			defaultConfigurationName = Release;
		};
		444CDA6C2F6FC9F700EFA408 /* Build configuration list for PBXNativeTarget "Source by Sfxx" */ = {
			isa = XCConfigurationList;
			buildConfigurations = (
				444CDA6D2F6FC9F700EFA408 /* Debug */,
				444CDA6E2F6FC9F700EFA408 /* Release */,
			);
			defaultConfigurationIsVisible = 0;
			defaultConfigurationName = Release;
		};
		444CDA712F6FC9F700EFA408 /* Build configuration list for PBXNativeTarget "Source by SfxxTests" */ = {
			isa = XCConfigurationList;
			buildConfigurations = (
				444CDA722F6FC9F700EFA408 /* Debug */,
				444CDA732F6FC9F700EFA408 /* Release */,
			);
			defaultConfigurationIsVisible = 0;
			defaultConfigurationName = Release;
		};
		444CDA742F6FC9F700EFA408 /* Build configuration list for PBXNativeTarget "Source by SfxxUITests" */ = {
			isa = XCConfigurationList;
			buildConfigurations = (
				444CDA752F6FC9F700EFA408 /* Debug */,
				444CDA762F6FC9F700EFA408 /* Release */,
			);
			defaultConfigurationIsVisible = 0;
			defaultConfigurationName = Release;
		};
/* End XCConfigurationList section */
	};
	rootObject = 444CDA402F6FC9F400EFA408 /* Project object */;
}
